
Microsoft Visual Studio Solution File, Format Version 12.00
# Visual Studio 2012
Project("{FAE04EC0-301F-11D3-BF4B-00C04F79EFBC}") = "UnitTests", "UnitTests\UnitTests.csproj", "{8B020F81-002F-439B-B572-C10FBEABAC52}"
EndProject
Project("{FAE04EC0-301F-11D3-BF4B-00C04F79EFBC}") = "RandomNumberString", "RandomNumberString\RandomNumberString.csproj", "{9C3FE3D8-C166-4B0C-A1A9-6C49432BC19D}"
EndProject
Project("{FAE04EC0-301F-11D3-BF4B-00C04F79EFBC}") = "RunMyGenerator", "RunMyGenerator\RunMyGenerator.csproj", "{3565B181-A6C6-4B84-BBA4-D7F1718D4391}"
EndProject
Global
	GlobalSection(SolutionConfigurationPlatforms) = preSolution
		Debug|Any CPU = Debug|Any CPU
		Release|Any CPU = Release|Any CPU
	EndGlobalSection
	GlobalSection(ProjectConfigurationPlatforms) = postSolution
		{8B020F81-002F-439B-B572-C10FBEABAC52}.Debug|Any CPU.ActiveCfg = Debug|Any CPU
		{8B020F81-002F-439B-B572-C10FBEABAC52}.Debug|Any CPU.Build.0 = Debug|Any CPU
		{8B020F81-002F-439B-B572-C10FBEABAC52}.Release|Any CPU.ActiveCfg = Release|Any CPU
		{8B020F81-002F-439B-B572-C10FBEABAC52}.Release|Any CPU.Build.0 = Release|Any CPU
		{9C3FE3D8-C166-4B0C-A1A9-6C49432BC19D}.Debug|Any CPU.ActiveCfg = Debug|Any CPU
		{9C3FE3D8-C166-4B0C-A1A9-6C49432BC19D}.Debug|Any CPU.Build.0 = Debug|Any CPU
		{9C3FE3D8-C166-4B0C-A1A9-6C49432BC19D}.Release|Any CPU.ActiveCfg = Release|Any CPU
		{9C3FE3D8-C166-4B0C-A1A9-6C49432BC19D}.Release|Any CPU.Build.0 = Release|Any CPU
		{3565B181-A6C6-4B84-BBA4-D7F1718D4391}.Debug|Any CPU.ActiveCfg = Debug|Any CPU
		{3565B181-A6C6-4B84-BBA4-D7F1718D4391}.Debug|Any CPU.Build.0 = Debug|Any CPU
		{3565B181-A6C6-4B84-BBA4-D7F1718D4391}.Release|Any CPU.ActiveCfg = Release|Any CPU
		{3565B181-A6C6-4B84-BBA4-D7F1718D4391}.Release|Any CPU.Build.0 = Release|Any CPU
	EndGlobalSection
	GlobalSection(SolutionProperties) = preSolution
		HideSolutionNode = FALSE
	EndGlobalSection
EndGlobal
